
Microsoft Visual Studio Solution File, Format Version 12.00
# Visual Studio Version 17
VisualStudioVersion = 17.4.33110.190
MinimumVisualStudioVersion = 10.0.40219.1
Project("{FAE04EC0-301F-11D3-BF4B-00C04F79EFBC}") = "SUNDERLAND SPORTS CLUB BOOKING", "SUNDERLAND SPORTS CLUB BOOKING\SUNDERLAND SPORTS CLUB BOOKING.csproj", "{B904E2F7-2353-4ACC-B804-34D7ADE9623A}"
EndProject
Global
	GlobalSection(SolutionConfigurationPlatforms) = preSolution
		Debug|Any CPU = Debug|Any CPU
		Release|Any CPU = Release|Any CPU
	EndGlobalSection
	GlobalSection(ProjectConfigurationPlatforms) = postSolution
		{B904E2F7-2353-4ACC-B804-34D7ADE9623A}.Debug|Any CPU.ActiveCfg = Debug|Any CPU
		{B904E2F7-2353-4ACC-B804-34D7ADE9623A}.Debug|Any CPU.Build.0 = Debug|Any CPU
		{B904E2F7-2353-4ACC-B804-34D7ADE9623A}.Release|Any CPU.ActiveCfg = Release|Any CPU
		{B904E2F7-2353-4ACC-B804-34D7ADE9623A}.Release|Any CPU.Build.0 = Release|Any CPU
	EndGlobalSection
	GlobalSection(SolutionProperties) = preSolution
		HideSolutionNode = FALSE
	EndGlobalSection
	GlobalSection(ExtensibilityGlobals) = postSolution
		SolutionGuid = {0C88041F-9476-4836-A654-50D8969D9BB2}
	EndGlobalSection
EndGlobal
